// !$*UTF8*$!
{
	archiveVersion = 1;
	classes = {
	};
	objectVersion = 50;
	objects = {

/* Begin PBXBuildFile section */
		9701EFC025CD95E500FE8268 /* AppDelegate.swift in Sources */ = {isa = PBXBuildFile; fileRef = 9701EFBF25CD95E500FE8268 /* AppDelegate.swift */; };
		9701EFC225CD95E500FE8268 /* SceneDelegate.swift in Sources */ = {isa = PBXBuildFile; fileRef = 9701EFC125CD95E500FE8268 /* SceneDelegate.swift */; };
		9701EFC425CD95E500FE8268 /* ViewController.swift in Sources */ = {isa = PBXBuildFile; fileRef = 9701EFC325CD95E500FE8268 /* ViewController.swift */; };
		9701EFC725CD95E500FE8268 /* Main.storyboard in Resources */ = {isa = PBXBuildFile; fileRef = 9701EFC525CD95E500FE8268 /* Main.storyboard */; };
		9701EFC925CD95E900FE8268 /* Assets.xcassets in Resources */ = {isa = PBXBuildFile; fileRef = 9701EFC825CD95E900FE8268 /* Assets.xcassets */; };
		9701EFCC25CD95E900FE8268 /* LaunchScreen.storyboard in Resources */ = {isa = PBXBuildFile; fileRef = 9701EFCA25CD95E900FE8268 /* LaunchScreen.storyboard */; };
		9701EFD725CD95EA00FE8268 /* freelancerTests.swift in Sources */ = {isa = PBXBuildFile; fileRef = 9701EFD625CD95EA00FE8268 /* freelancerTests.swift */; };
		9701EFE225CD95EA00FE8268 /* freelancerUITests.swift in Sources */ = {isa = PBXBuildFile; fileRef = 9701EFE125CD95EA00FE8268 /* freelancerUITests.swift */; };
		9701EFF425CEB2E900FE8268 /* UIShapes.swift in Sources */ = {isa = PBXBuildFile; fileRef = 9701EFF325CEB2E900FE8268 /* UIShapes.swift */; };
		9701EFF925CFD22800FE8268 /* RoundedButtons.swift in Sources */ = {isa = PBXBuildFile; fileRef = 9701EFF825CFD22700FE8268 /* RoundedButtons.swift */; };
		9701EFFF25CFE35D00FE8268 /* LinkButton.swift in Sources */ = {isa = PBXBuildFile; fileRef = 9701EFFE25CFE35D00FE8268 /* LinkButton.swift */; };
		9701F00A25D05BD400FE8268 /* Login.storyboard in Resources */ = {isa = PBXBuildFile; fileRef = 9701F00925D05BD400FE8268 /* Login.storyboard */; };
		9737973025D3274A00159E11 /* UserModel.swift in Sources */ = {isa = PBXBuildFile; fileRef = 9737972F25D3274A00159E11 /* UserModel.swift */; };
		9737973525D3275600159E11 /* JobModel.swift in Sources */ = {isa = PBXBuildFile; fileRef = 9737973425D3275600159E11 /* JobModel.swift */; };
		9737974625D3753500159E11 /* ClientRequestProtocol.swift in Sources */ = {isa = PBXBuildFile; fileRef = 9737974525D3753500159E11 /* ClientRequestProtocol.swift */; };
		9737974E25D3E86C00159E11 /* ClientRequest.swift in Sources */ = {isa = PBXBuildFile; fileRef = 9737974D25D3E86C00159E11 /* ClientRequest.swift */; };
		9737975325D3E9B200159E11 /* JobRequestProtocol.swift in Sources */ = {isa = PBXBuildFile; fileRef = 9737975225D3E9B200159E11 /* JobRequestProtocol.swift */; };
		9737975825D3E9CE00159E11 /* JobRequest.swift in Sources */ = {isa = PBXBuildFile; fileRef = 9737975725D3E9CE00159E11 /* JobRequest.swift */; };
		9737976425D4613A00159E11 /* LoginViewController.swift in Sources */ = {isa = PBXBuildFile; fileRef = 9737976325D4613A00159E11 /* LoginViewController.swift */; };
		9737976F25D4927D00159E11 /* JobsCollectionViewController.swift in Sources */ = {isa = PBXBuildFile; fileRef = 9737976E25D4927D00159E11 /* JobsCollectionViewController.swift */; };
		97E538CC25D1556000748610 /* Subscribe.storyboard in Resources */ = {isa = PBXBuildFile; fileRef = 97E538CB25D1556000748610 /* Subscribe.storyboard */; };
		97E538D125D1576C00748610 /* Profile.storyboard in Resources */ = {isa = PBXBuildFile; fileRef = 97E538D025D1576C00748610 /* Profile.storyboard */; };
		97E538D625D1578F00748610 /* Jobs.storyboard in Resources */ = {isa = PBXBuildFile; fileRef = 97E538D525D1578F00748610 /* Jobs.storyboard */; };
/* End PBXBuildFile section */

/* Begin PBXContainerItemProxy section */
		9701EFD325CD95EA00FE8268 /* PBXContainerItemProxy */ = {
			isa = PBXContainerItemProxy;
			containerPortal = 9701EFB425CD95E500FE8268 /* Project object */;
			proxyType = 1;
			remoteGlobalIDString = 9701EFBB25CD95E500FE8268;
			remoteInfo = freelancer;
		};
		9701EFDE25CD95EA00FE8268 /* PBXContainerItemProxy */ = {
			isa = PBXContainerItemProxy;
			containerPortal = 9701EFB425CD95E500FE8268 /* Project object */;
			proxyType = 1;
			remoteGlobalIDString = 9701EFBB25CD95E500FE8268;
			remoteInfo = freelancer;
		};
/* End PBXContainerItemProxy section */

/* Begin PBXFileReference section */
		9701EFBC25CD95E500FE8268 /* freelancer.app */ = {isa = PBXFileReference; explicitFileType = wrapper.application; includeInIndex = 0; path = freelancer.app; sourceTree = BUILT_PRODUCTS_DIR; };
		9701EFBF25CD95E500FE8268 /* AppDelegate.swift */ = {isa = PBXFileReference; lastKnownFileType = sourcecode.swift; path = AppDelegate.swift; sourceTree = "<group>"; };
		9701EFC125CD95E500FE8268 /* SceneDelegate.swift */ = {isa = PBXFileReference; lastKnownFileType = sourcecode.swift; path = SceneDelegate.swift; sourceTree = "<group>"; };
		9701EFC325CD95E500FE8268 /* ViewController.swift */ = {isa = PBXFileReference; lastKnownFileType = sourcecode.swift; path = ViewController.swift; sourceTree = "<group>"; };
		9701EFC625CD95E500FE8268 /* Base */ = {isa = PBXFileReference; lastKnownFileType = file.storyboard; name = Base; path = Base.lproj/Main.storyboard; sourceTree = "<group>"; };
		9701EFC825CD95E900FE8268 /* Assets.xcassets */ = {isa = PBXFileReference; lastKnownFileType = folder.assetcatalog; path = Assets.xcassets; sourceTree = "<group>"; };
		9701EFCB25CD95E900FE8268 /* Base */ = {isa = PBXFileReference; lastKnownFileType = file.storyboard; name = Base; path = Base.lproj/LaunchScreen.storyboard; sourceTree = "<group>"; };
		9701EFCD25CD95E900FE8268 /* Info.plist */ = {isa = PBXFileReference; lastKnownFileType = text.plist.xml; path = Info.plist; sourceTree = "<group>"; };
		9701EFD225CD95EA00FE8268 /* freelancerTests.xctest */ = {isa = PBXFileReference; explicitFileType = wrapper.cfbundle; includeInIndex = 0; path = freelancerTests.xctest; sourceTree = BUILT_PRODUCTS_DIR; };
		9701EFD625CD95EA00FE8268 /* freelancerTests.swift */ = {isa = PBXFileReference; lastKnownFileType = sourcecode.swift; path = freelancerTests.swift; sourceTree = "<group>"; };
		9701EFD825CD95EA00FE8268 /* Info.plist */ = {isa = PBXFileReference; lastKnownFileType = text.plist.xml; path = Info.plist; sourceTree = "<group>"; };
		9701EFDD25CD95EA00FE8268 /* freelancerUITests.xctest */ = {isa = PBXFileReference; explicitFileType = wrapper.cfbundle; includeInIndex = 0; path = freelancerUITests.xctest; sourceTree = BUILT_PRODUCTS_DIR; };
		9701EFE125CD95EA00FE8268 /* freelancerUITests.swift */ = {isa = PBXFileReference; lastKnownFileType = sourcecode.swift; path = freelancerUITests.swift; sourceTree = "<group>"; };
		9701EFE325CD95EA00FE8268 /* Info.plist */ = {isa = PBXFileReference; lastKnownFileType = text.plist.xml; path = Info.plist; sourceTree = "<group>"; };
		9701EFF225CEA92400FE8268 /* .mockend.json */ = {isa = PBXFileReference; lastKnownFileType = text.json; path = .mockend.json; sourceTree = SOURCE_ROOT; };
		9701EFF325CEB2E900FE8268 /* UIShapes.swift */ = {isa = PBXFileReference; lastKnownFileType = sourcecode.swift; path = UIShapes.swift; sourceTree = "<group>"; };
		9701EFF825CFD22700FE8268 /* RoundedButtons.swift */ = {isa = PBXFileReference; lastKnownFileType = sourcecode.swift; path = RoundedButtons.swift; sourceTree = "<group>"; };
		9701EFFE25CFE35D00FE8268 /* LinkButton.swift */ = {isa = PBXFileReference; lastKnownFileType = sourcecode.swift; path = LinkButton.swift; sourceTree = "<group>"; };
		9701F00925D05BD400FE8268 /* Login.storyboard */ = {isa = PBXFileReference; lastKnownFileType = file.storyboard; path = Login.storyboard; sourceTree = "<group>"; };
		9737972F25D3274A00159E11 /* UserModel.swift */ = {isa = PBXFileReference; lastKnownFileType = sourcecode.swift; path = UserModel.swift; sourceTree = "<group>"; };
		9737973425D3275600159E11 /* JobModel.swift */ = {isa = PBXFileReference; lastKnownFileType = sourcecode.swift; path = JobModel.swift; sourceTree = "<group>"; };
		9737974525D3753500159E11 /* ClientRequestProtocol.swift */ = {isa = PBXFileReference; lastKnownFileType = sourcecode.swift; path = ClientRequestProtocol.swift; sourceTree = "<group>"; };
		9737974D25D3E86C00159E11 /* ClientRequest.swift */ = {isa = PBXFileReference; lastKnownFileType = sourcecode.swift; path = ClientRequest.swift; sourceTree = "<group>"; };
		9737975225D3E9B200159E11 /* JobRequestProtocol.swift */ = {isa = PBXFileReference; lastKnownFileType = sourcecode.swift; path = JobRequestProtocol.swift; sourceTree = "<group>"; };
		9737975725D3E9CE00159E11 /* JobRequest.swift */ = {isa = PBXFileReference; lastKnownFileType = sourcecode.swift; path = JobRequest.swift; sourceTree = "<group>"; };
		9737976325D4613A00159E11 /* LoginViewController.swift */ = {isa = PBXFileReference; lastKnownFileType = sourcecode.swift; path = LoginViewController.swift; sourceTree = "<group>"; };
		9737976E25D4927D00159E11 /* JobsCollectionViewController.swift */ = {isa = PBXFileReference; lastKnownFileType = sourcecode.swift; path = JobsCollectionViewController.swift; sourceTree = "<group>"; };
		97E538CB25D1556000748610 /* Subscribe.storyboard */ = {isa = PBXFileReference; lastKnownFileType = file.storyboard; path = Subscribe.storyboard; sourceTree = "<group>"; };
		97E538D025D1576C00748610 /* Profile.storyboard */ = {isa = PBXFileReference; lastKnownFileType = file.storyboard; path = Profile.storyboard; sourceTree = "<group>"; };
		97E538D525D1578F00748610 /* Jobs.storyboard */ = {isa = PBXFileReference; lastKnownFileType = file.storyboard; path = Jobs.storyboard; sourceTree = "<group>"; };
/* End PBXFileReference section */

/* Begin PBXFrameworksBuildPhase section */
		9701EFB925CD95E500FE8268 /* Frameworks */ = {
			isa = PBXFrameworksBuildPhase;
			buildActionMask = 2147483647;
			files = (
			);
			runOnlyForDeploymentPostprocessing = 0;
		};
		9701EFCF25CD95EA00FE8268 /* Frameworks */ = {
			isa = PBXFrameworksBuildPhase;
			buildActionMask = 2147483647;
			files = (
			);
			runOnlyForDeploymentPostprocessing = 0;
		};
		9701EFDA25CD95EA00FE8268 /* Frameworks */ = {
			isa = PBXFrameworksBuildPhase;
			buildActionMask = 2147483647;
			files = (
			);
			runOnlyForDeploymentPostprocessing = 0;
		};
/* End PBXFrameworksBuildPhase section */

/* Begin PBXGroup section */
		9701EFB325CD95E500FE8268 = {
			isa = PBXGroup;
			children = (
				9701EFBE25CD95E500FE8268 /* freelancer */,
				9701EFD525CD95EA00FE8268 /* freelancerTests */,
				9701EFE025CD95EA00FE8268 /* freelancerUITests */,
				9701EFBD25CD95E500FE8268 /* Products */,
			);
			sourceTree = "<group>";
		};
		9701EFBD25CD95E500FE8268 /* Products */ = {
			isa = PBXGroup;
			children = (
				9701EFBC25CD95E500FE8268 /* freelancer.app */,
				9701EFD225CD95EA00FE8268 /* freelancerTests.xctest */,
				9701EFDD25CD95EA00FE8268 /* freelancerUITests.xctest */,
			);
			name = Products;
			sourceTree = "<group>";
		};
		9701EFBE25CD95E500FE8268 /* freelancer */ = {
			isa = PBXGroup;
			children = (
				9737976225D460FF00159E11 /* ViewController */,
				9737974425D3750000159E11 /* Network */,
				9737972625D3271F00159E11 /* Models */,
				9701F00425D05B6100FE8268 /* Views */,
				9701EFF225CEA92400FE8268 /* .mockend.json */,
				9701EFBF25CD95E500FE8268 /* AppDelegate.swift */,
				9701EFC125CD95E500FE8268 /* SceneDelegate.swift */,
				9701EFC825CD95E900FE8268 /* Assets.xcassets */,
				9701EFCD25CD95E900FE8268 /* Info.plist */,
			);
			path = freelancer;
			sourceTree = "<group>";
		};
		9701EFD525CD95EA00FE8268 /* freelancerTests */ = {
			isa = PBXGroup;
			children = (
				9701EFD625CD95EA00FE8268 /* freelancerTests.swift */,
				9701EFD825CD95EA00FE8268 /* Info.plist */,
			);
			path = freelancerTests;
			sourceTree = "<group>";
		};
		9701EFE025CD95EA00FE8268 /* freelancerUITests */ = {
			isa = PBXGroup;
			children = (
				9701EFE125CD95EA00FE8268 /* freelancerUITests.swift */,
				9701EFE325CD95EA00FE8268 /* Info.plist */,
			);
			path = freelancerUITests;
			sourceTree = "<group>";
		};
		9701EFFD25CFE33600FE8268 /* Components */ = {
			isa = PBXGroup;
			children = (
				9701EFF325CEB2E900FE8268 /* UIShapes.swift */,
				9701EFF825CFD22700FE8268 /* RoundedButtons.swift */,
				9701EFFE25CFE35D00FE8268 /* LinkButton.swift */,
			);
			name = Components;
			sourceTree = "<group>";
		};
		9701F00425D05B6100FE8268 /* Views */ = {
			isa = PBXGroup;
			children = (
				9701EFFD25CFE33600FE8268 /* Components */,
				9701F00825D05B8600FE8268 /* Scenes */,
				9701EFC525CD95E500FE8268 /* Main.storyboard */,
				9701EFCA25CD95E900FE8268 /* LaunchScreen.storyboard */,
			);
			name = Views;
			sourceTree = "<group>";
		};
		9701F00825D05B8600FE8268 /* Scenes */ = {
			isa = PBXGroup;
			children = (
				9701F00925D05BD400FE8268 /* Login.storyboard */,
				97E538CB25D1556000748610 /* Subscribe.storyboard */,
				97E538D025D1576C00748610 /* Profile.storyboard */,
				97E538D525D1578F00748610 /* Jobs.storyboard */,
			);
			name = Scenes;
			sourceTree = "<group>";
		};
		9737972625D3271F00159E11 /* Models */ = {
			isa = PBXGroup;
			children = (
				9737972F25D3274A00159E11 /* UserModel.swift */,
				9737973425D3275600159E11 /* JobModel.swift */,
			);
			name = Models;
			sourceTree = "<group>";
		};
		9737974425D3750000159E11 /* Network */ = {
			isa = PBXGroup;
			children = (
				9737974525D3753500159E11 /* ClientRequestProtocol.swift */,
				9737974D25D3E86C00159E11 /* ClientRequest.swift */,
				9737975225D3E9B200159E11 /* JobRequestProtocol.swift */,
				9737975725D3E9CE00159E11 /* JobRequest.swift */,
			);
			name = Network;
			sourceTree = "<group>";
		};
		9737976225D460FF00159E11 /* ViewController */ = {
			isa = PBXGroup;
			children = (
				9701EFC325CD95E500FE8268 /* ViewController.swift */,
				9737976325D4613A00159E11 /* LoginViewController.swift */,
				9737976E25D4927D00159E11 /* JobsCollectionViewController.swift */,
			);
			name = ViewController;
			sourceTree = "<group>";
		};
/* End PBXGroup section */

/* Begin PBXNativeTarget section */
		9701EFBB25CD95E500FE8268 /* freelancer */ = {
			isa = PBXNativeTarget;
			buildConfigurationList = 9701EFE625CD95EA00FE8268 /* Build configuration list for PBXNativeTarget "freelancer" */;
			buildPhases = (
				9701EFB825CD95E500FE8268 /* Sources */,
				9701EFB925CD95E500FE8268 /* Frameworks */,
				9701EFBA25CD95E500FE8268 /* Resources */,
				9701F00E25D087E100FE8268 /* ShellScript */,
			);
			buildRules = (
			);
			dependencies = (
			);
			name = freelancer;
			productName = freelancer;
			productReference = 9701EFBC25CD95E500FE8268 /* freelancer.app */;
			productType = "com.apple.product-type.application";
		};
		9701EFD125CD95EA00FE8268 /* freelancerTests */ = {
			isa = PBXNativeTarget;
			buildConfigurationList = 9701EFE925CD95EA00FE8268 /* Build configuration list for PBXNativeTarget "freelancerTests" */;
			buildPhases = (
				9701EFCE25CD95EA00FE8268 /* Sources */,
				9701EFCF25CD95EA00FE8268 /* Frameworks */,
				9701EFD025CD95EA00FE8268 /* Resources */,
			);
			buildRules = (
			);
			dependencies = (
				9701EFD425CD95EA00FE8268 /* PBXTargetDependency */,
			);
			name = freelancerTests;
			productName = freelancerTests;
			productReference = 9701EFD225CD95EA00FE8268 /* freelancerTests.xctest */;
			productType = "com.apple.product-type.bundle.unit-test";
		};
		9701EFDC25CD95EA00FE8268 /* freelancerUITests */ = {
			isa = PBXNativeTarget;
			buildConfigurationList = 9701EFEC25CD95EA00FE8268 /* Build configuration list for PBXNativeTarget "freelancerUITests" */;
			buildPhases = (
				9701EFD925CD95EA00FE8268 /* Sources */,
				9701EFDA25CD95EA00FE8268 /* Frameworks */,
				9701EFDB25CD95EA00FE8268 /* Resources */,
			);
			buildRules = (
			);
			dependencies = (
				9701EFDF25CD95EA00FE8268 /* PBXTargetDependency */,
			);
			name = freelancerUITests;
			productName = freelancerUITests;
			productReference = 9701EFDD25CD95EA00FE8268 /* freelancerUITests.xctest */;
			productType = "com.apple.product-type.bundle.ui-testing";
		};
/* End PBXNativeTarget section */

/* Begin PBXProject section */
		9701EFB425CD95E500FE8268 /* Project object */ = {
			isa = PBXProject;
			attributes = {
				LastSwiftUpdateCheck = 1240;
				LastUpgradeCheck = 1240;
				TargetAttributes = {
					9701EFBB25CD95E500FE8268 = {
						CreatedOnToolsVersion = 12.4;
					};
					9701EFD125CD95EA00FE8268 = {
						CreatedOnToolsVersion = 12.4;
						TestTargetID = 9701EFBB25CD95E500FE8268;
					};
					9701EFDC25CD95EA00FE8268 = {
						CreatedOnToolsVersion = 12.4;
						TestTargetID = 9701EFBB25CD95E500FE8268;
					};
				};
			};
			buildConfigurationList = 9701EFB725CD95E500FE8268 /* Build configuration list for PBXProject "freelancer" */;
			compatibilityVersion = "Xcode 9.3";
			developmentRegion = en;
			hasScannedForEncodings = 0;
			knownRegions = (
				en,
				Base,
			);
			mainGroup = 9701EFB325CD95E500FE8268;
			productRefGroup = 9701EFBD25CD95E500FE8268 /* Products */;
			projectDirPath = "";
			projectRoot = "";
			targets = (
				9701EFBB25CD95E500FE8268 /* freelancer */,
				9701EFD125CD95EA00FE8268 /* freelancerTests */,
				9701EFDC25CD95EA00FE8268 /* freelancerUITests */,
			);
		};
/* End PBXProject section */

/* Begin PBXResourcesBuildPhase section */
		9701EFBA25CD95E500FE8268 /* Resources */ = {
			isa = PBXResourcesBuildPhase;
			buildActionMask = 2147483647;
			files = (
				97E538D125D1576C00748610 /* Profile.storyboard in Resources */,
				9701F00A25D05BD400FE8268 /* Login.storyboard in Resources */,
				9701EFCC25CD95E900FE8268 /* LaunchScreen.storyboard in Resources */,
				9701EFC925CD95E900FE8268 /* Assets.xcassets in Resources */,
				97E538CC25D1556000748610 /* Subscribe.storyboard in Resources */,
				97E538D625D1578F00748610 /* Jobs.storyboard in Resources */,
				9701EFC725CD95E500FE8268 /* Main.storyboard in Resources */,
			);
			runOnlyForDeploymentPostprocessing = 0;
		};
		9701EFD025CD95EA00FE8268 /* Resources */ = {
			isa = PBXResourcesBuildPhase;
			buildActionMask = 2147483647;
			files = (
			);
			runOnlyForDeploymentPostprocessing = 0;
		};
		9701EFDB25CD95EA00FE8268 /* Resources */ = {
			isa = PBXResourcesBuildPhase;
			buildActionMask = 2147483647;
			files = (
			);
			runOnlyForDeploymentPostprocessing = 0;
		};
/* End PBXResourcesBuildPhase section */

/* Begin PBXShellScriptBuildPhase section */
		9701F00E25D087E100FE8268 /* ShellScript */ = {
			isa = PBXShellScriptBuildPhase;
			buildActionMask = 2147483647;
			files = (
			);
			inputFileListPaths = (
			);
			inputPaths = (
			);
			outputFileListPaths = (
			);
			outputPaths = (
			);
			runOnlyForDeploymentPostprocessing = 0;
			shellPath = /bin/sh;
			shellScript = "# Type a script or drag a script file from your workspace to insert its path.\nif which swiftlint >/dev/null; then\n  swiftlint\nelse\n  echo \"warning: SwiftLint not installed, download from https://github.com/realm/SwiftLint\"\nfi\n";
		};
/* End PBXShellScriptBuildPhase section */

/* Begin PBXSourcesBuildPhase section */
		9701EFB825CD95E500FE8268 /* Sources */ = {
			isa = PBXSourcesBuildPhase;
			buildActionMask = 2147483647;
			files = (
				9701EFC425CD95E500FE8268 /* ViewController.swift in Sources */,
				9701EFF925CFD22800FE8268 /* RoundedButtons.swift in Sources */,
				9737973525D3275600159E11 /* JobModel.swift in Sources */,
				9737973025D3274A00159E11 /* UserModel.swift in Sources */,
				9701EFC025CD95E500FE8268 /* AppDelegate.swift in Sources */,
				9737975325D3E9B200159E11 /* JobRequestProtocol.swift in Sources */,
				9737975825D3E9CE00159E11 /* JobRequest.swift in Sources */,
				9737974E25D3E86C00159E11 /* ClientRequest.swift in Sources */,
				9701EFFF25CFE35D00FE8268 /* LinkButton.swift in Sources */,
				9701EFC225CD95E500FE8268 /* SceneDelegate.swift in Sources */,
				9737974625D3753500159E11 /* ClientRequestProtocol.swift in Sources */,
				9737976425D4613A00159E11 /* LoginViewController.swift in Sources */,
				9737976F25D4927D00159E11 /* JobsCollectionViewController.swift in Sources */,
				9701EFF425CEB2E900FE8268 /* UIShapes.swift in Sources */,
			);
			runOnlyForDeploymentPostprocessing = 0;
		};
		9701EFCE25CD95EA00FE8268 /* Sources */ = {
			isa = PBXSourcesBuildPhase;
			buildActionMask = 2147483647;
			files = (
				9701EFD725CD95EA00FE8268 /* freelancerTests.swift in Sources */,
			);
			runOnlyForDeploymentPostprocessing = 0;
		};
		9701EFD925CD95EA00FE8268 /* Sources */ = {
			isa = PBXSourcesBuildPhase;
			buildActionMask = 2147483647;
			files = (
				9701EFE225CD95EA00FE8268 /* freelancerUITests.swift in Sources */,
			);
			runOnlyForDeploymentPostprocessing = 0;
		};
/* End PBXSourcesBuildPhase section */

/* Begin PBXTargetDependency section */
		9701EFD425CD95EA00FE8268 /* PBXTargetDependency */ = {
			isa = PBXTargetDependency;
			target = 9701EFBB25CD95E500FE8268 /* freelancer */;
			targetProxy = 9701EFD325CD95EA00FE8268 /* PBXContainerItemProxy */;
		};
		9701EFDF25CD95EA00FE8268 /* PBXTargetDependency */ = {
			isa = PBXTargetDependency;
			target = 9701EFBB25CD95E500FE8268 /* freelancer */;
			targetProxy = 9701EFDE25CD95EA00FE8268 /* PBXContainerItemProxy */;
		};
/* End PBXTargetDependency section */

/* Begin PBXVariantGroup section */
		9701EFC525CD95E500FE8268 /* Main.storyboard */ = {
			isa = PBXVariantGroup;
			children = (
				9701EFC625CD95E500FE8268 /* Base */,
			);
			name = Main.storyboard;
			sourceTree = "<group>";
		};
		9701EFCA25CD95E900FE8268 /* LaunchScreen.storyboard */ = {
			isa = PBXVariantGroup;
			children = (
				9701EFCB25CD95E900FE8268 /* Base */,
			);
			name = LaunchScreen.storyboard;
			sourceTree = "<group>";
		};
/* End PBXVariantGroup section */

/* Begin XCBuildConfiguration section */
		9701EFE425CD95EA00FE8268 /* Debug */ = {
			isa = XCBuildConfiguration;
			buildSettings = {
				ALWAYS_SEARCH_USER_PATHS = NO;
				CLANG_ANALYZER_NONNULL = YES;
				CLANG_ANALYZER_NUMBER_OBJECT_CONVERSION = YES_AGGRESSIVE;
				CLANG_CXX_LANGUAGE_STANDARD = "gnu++14";
				CLANG_CXX_LIBRARY = "libc++";
				CLANG_ENABLE_MODULES = YES;
				CLANG_ENABLE_OBJC_ARC = YES;
				CLANG_ENABLE_OBJC_WEAK = YES;
				CLANG_WARN_BLOCK_CAPTURE_AUTORELEASING = YES;
				CLANG_WARN_BOOL_CONVERSION = YES;
				CLANG_WARN_COMMA = YES;
				CLANG_WARN_CONSTANT_CONVERSION = YES;
				CLANG_WARN_DEPRECATED_OBJC_IMPLEMENTATIONS = YES;
				CLANG_WARN_DIRECT_OBJC_ISA_USAGE = YES_ERROR;
				CLANG_WARN_DOCUMENTATION_COMMENTS = YES;
				CLANG_WARN_EMPTY_BODY = YES;
				CLANG_WARN_ENUM_CONVERSION = YES;
				CLANG_WARN_INFINITE_RECURSION = YES;
				CLANG_WARN_INT_CONVERSION = YES;
				CLANG_WARN_NON_LITERAL_NULL_CONVERSION = YES;
				CLANG_WARN_OBJC_IMPLICIT_RETAIN_SELF = YES;
				CLANG_WARN_OBJC_LITERAL_CONVERSION = YES;
				CLANG_WARN_OBJC_ROOT_CLASS = YES_ERROR;
				CLANG_WARN_QUOTED_INCLUDE_IN_FRAMEWORK_HEADER = YES;
				CLANG_WARN_RANGE_LOOP_ANALYSIS = YES;
				CLANG_WARN_STRICT_PROTOTYPES = YES;
				CLANG_WARN_SUSPICIOUS_MOVE = YES;
				CLANG_WARN_UNGUARDED_AVAILABILITY = YES_AGGRESSIVE;
				CLANG_WARN_UNREACHABLE_CODE = YES;
				CLANG_WARN__DUPLICATE_METHOD_MATCH = YES;
				COPY_PHASE_STRIP = NO;
				DEBUG_INFORMATION_FORMAT = dwarf;
				ENABLE_STRICT_OBJC_MSGSEND = YES;
				ENABLE_TESTABILITY = YES;
				GCC_C_LANGUAGE_STANDARD = gnu11;
				GCC_DYNAMIC_NO_PIC = NO;
				GCC_NO_COMMON_BLOCKS = YES;
				GCC_OPTIMIZATION_LEVEL = 0;
				GCC_PREPROCESSOR_DEFINITIONS = (
					"DEBUG=1",
					"$(inherited)",
				);
				GCC_WARN_64_TO_32_BIT_CONVERSION = YES;
				GCC_WARN_ABOUT_RETURN_TYPE = YES_ERROR;
				GCC_WARN_UNDECLARED_SELECTOR = YES;
				GCC_WARN_UNINITIALIZED_AUTOS = YES_AGGRESSIVE;
				GCC_WARN_UNUSED_FUNCTION = YES;
				GCC_WARN_UNUSED_VARIABLE = YES;
				IPHONEOS_DEPLOYMENT_TARGET = 14.4;
				MTL_ENABLE_DEBUG_INFO = INCLUDE_SOURCE;
				MTL_FAST_MATH = YES;
				ONLY_ACTIVE_ARCH = YES;
				SDKROOT = iphoneos;
				SWIFT_ACTIVE_COMPILATION_CONDITIONS = DEBUG;
				SWIFT_OPTIMIZATION_LEVEL = "-Onone";
			};
			name = Debug;
		};
		9701EFE525CD95EA00FE8268 /* Release */ = {
			isa = XCBuildConfiguration;
			buildSettings = {
				ALWAYS_SEARCH_USER_PATHS = NO;
				CLANG_ANALYZER_NONNULL = YES;
				CLANG_ANALYZER_NUMBER_OBJECT_CONVERSION = YES_AGGRESSIVE;
				CLANG_CXX_LANGUAGE_STANDARD = "gnu++14";
				CLANG_CXX_LIBRARY = "libc++";
				CLANG_ENABLE_MODULES = YES;
				CLANG_ENABLE_OBJC_ARC = YES;
				CLANG_ENABLE_OBJC_WEAK = YES;
				CLANG_WARN_BLOCK_CAPTURE_AUTORELEASING = YES;
				CLANG_WARN_BOOL_CONVERSION = YES;
				CLANG_WARN_COMMA = YES;
				CLANG_WARN_CONSTANT_CONVERSION = YES;
				CLANG_WARN_DEPRECATED_OBJC_IMPLEMENTATIONS = YES;
				CLANG_WARN_DIRECT_OBJC_ISA_USAGE = YES_ERROR;
				CLANG_WARN_DOCUMENTATION_COMMENTS = YES;
				CLANG_WARN_EMPTY_BODY = YES;
				CLANG_WARN_ENUM_CONVERSION = YES;
				CLANG_WARN_INFINITE_RECURSION = YES;
				CLANG_WARN_INT_CONVERSION = YES;
				CLANG_WARN_NON_LITERAL_NULL_CONVERSION = YES;
				CLANG_WARN_OBJC_IMPLICIT_RETAIN_SELF = YES;
				CLANG_WARN_OBJC_LITERAL_CONVERSION = YES;
				CLANG_WARN_OBJC_ROOT_CLASS = YES_ERROR;
				CLANG_WARN_QUOTED_INCLUDE_IN_FRAMEWORK_HEADER = YES;
				CLANG_WARN_RANGE_LOOP_ANALYSIS = YES;
				CLANG_WARN_STRICT_PROTOTYPES = YES;
				CLANG_WARN_SUSPICIOUS_MOVE = YES;
				CLANG_WARN_UNGUARDED_AVAILABILITY = YES_AGGRESSIVE;
				CLANG_WARN_UNREACHABLE_CODE = YES;
				CLANG_WARN__DUPLICATE_METHOD_MATCH = YES;
				COPY_PHASE_STRIP = NO;
				DEBUG_INFORMATION_FORMAT = "dwarf-with-dsym";
				ENABLE_NS_ASSERTIONS = NO;
				ENABLE_STRICT_OBJC_MSGSEND = YES;
				GCC_C_LANGUAGE_STANDARD = gnu11;
				GCC_NO_COMMON_BLOCKS = YES;
				GCC_WARN_64_TO_32_BIT_CONVERSION = YES;
				GCC_WARN_ABOUT_RETURN_TYPE = YES_ERROR;
				GCC_WARN_UNDECLARED_SELECTOR = YES;
				GCC_WARN_UNINITIALIZED_AUTOS = YES_AGGRESSIVE;
				GCC_WARN_UNUSED_FUNCTION = YES;
				GCC_WARN_UNUSED_VARIABLE = YES;
				IPHONEOS_DEPLOYMENT_TARGET = 14.4;
				MTL_ENABLE_DEBUG_INFO = NO;
				MTL_FAST_MATH = YES;
				SDKROOT = iphoneos;
				SWIFT_COMPILATION_MODE = wholemodule;
				SWIFT_OPTIMIZATION_LEVEL = "-O";
				VALIDATE_PRODUCT = YES;
			};
			name = Release;
		};
		9701EFE725CD95EA00FE8268 /* Debug */ = {
			isa = XCBuildConfiguration;
			buildSettings = {
				ASSETCATALOG_COMPILER_APPICON_NAME = AppIcon;
				ASSETCATALOG_COMPILER_GLOBAL_ACCENT_COLOR_NAME = AccentColor;
				CODE_SIGN_STYLE = Automatic;
				DEVELOPMENT_TEAM = PC4UNNP43Y;
				INFOPLIST_FILE = freelancer/Info.plist;
				IPHONEOS_DEPLOYMENT_TARGET = 14.1;
				LD_RUNPATH_SEARCH_PATHS = (
					"$(inherited)",
					"@executable_path/Frameworks",
				);
				PRODUCT_BUNDLE_IDENTIFIER = games.greenfarm.freelancer;
				PRODUCT_NAME = "$(TARGET_NAME)";
				SWIFT_VERSION = 5.0;
				TARGETED_DEVICE_FAMILY = "1,2";
			};
			name = Debug;
		};
		9701EFE825CD95EA00FE8268 /* Release */ = {
			isa = XCBuildConfiguration;
			buildSettings = {
				ASSETCATALOG_COMPILER_APPICON_NAME = AppIcon;
				ASSETCATALOG_COMPILER_GLOBAL_ACCENT_COLOR_NAME = AccentColor;
				CODE_SIGN_STYLE = Automatic;
				DEVELOPMENT_TEAM = PC4UNNP43Y;
				INFOPLIST_FILE = freelancer/Info.plist;
				IPHONEOS_DEPLOYMENT_TARGET = 14.1;
				LD_RUNPATH_SEARCH_PATHS = (
					"$(inherited)",
					"@executable_path/Frameworks",
				);
				PRODUCT_BUNDLE_IDENTIFIER = games.greenfarm.freelancer;
				PRODUCT_NAME = "$(TARGET_NAME)";
				SWIFT_VERSION = 5.0;
				TARGETED_DEVICE_FAMILY = "1,2";
			};
			name = Release;
		};
		9701EFEA25CD95EA00FE8268 /* Debug */ = {
			isa = XCBuildConfiguration;
			buildSettings = {
				ALWAYS_EMBED_SWIFT_STANDARD_LIBRARIES = YES;
				BUNDLE_LOADER = "$(TEST_HOST)";
				CODE_SIGN_STYLE = Automatic;
				DEVELOPMENT_TEAM = PC4UNNP43Y;
				INFOPLIST_FILE = freelancerTests/Info.plist;
				IPHONEOS_DEPLOYMENT_TARGET = 14.4;
				LD_RUNPATH_SEARCH_PATHS = (
					"$(inherited)",
					"@executable_path/Frameworks",
					"@loader_path/Frameworks",
				);
				PRODUCT_BUNDLE_IDENTIFIER = games.greenfarm.freelancerTests;
				PRODUCT_NAME = "$(TARGET_NAME)";
				SWIFT_VERSION = 5.0;
				TARGETED_DEVICE_FAMILY = "1,2";
				TEST_HOST = "$(BUILT_PRODUCTS_DIR)/freelancer.app/freelancer";
			};
			name = Debug;
		};
		9701EFEB25CD95EA00FE8268 /* Release */ = {
			isa = XCBuildConfiguration;
			buildSettings = {
				ALWAYS_EMBED_SWIFT_STANDARD_LIBRARIES = YES;
				BUNDLE_LOADER = "$(TEST_HOST)";
				CODE_SIGN_STYLE = Automatic;
				DEVELOPMENT_TEAM = PC4UNNP43Y;
				INFOPLIST_FILE = freelancerTests/Info.plist;
				IPHONEOS_DEPLOYMENT_TARGET = 14.4;
				LD_RUNPATH_SEARCH_PATHS = (
					"$(inherited)",
					"@executable_path/Frameworks",
					"@loader_path/Frameworks",
				);
				PRODUCT_BUNDLE_IDENTIFIER = games.greenfarm.freelancerTests;
				PRODUCT_NAME = "$(TARGET_NAME)";
				SWIFT_VERSION = 5.0;
				TARGETED_DEVICE_FAMILY = "1,2";
				TEST_HOST = "$(BUILT_PRODUCTS_DIR)/freelancer.app/freelancer";
			};
			name = Release;
		};
		9701EFED25CD95EA00FE8268 /* Debug */ = {
			isa = XCBuildConfiguration;
			buildSettings = {
				ALWAYS_EMBED_SWIFT_STANDARD_LIBRARIES = YES;
				CODE_SIGN_STYLE = Automatic;
				DEVELOPMENT_TEAM = PC4UNNP43Y;
				INFOPLIST_FILE = freelancerUITests/Info.plist;
				LD_RUNPATH_SEARCH_PATHS = (
					"$(inherited)",
					"@executable_path/Frameworks",
					"@loader_path/Frameworks",
				);
				PRODUCT_BUNDLE_IDENTIFIER = games.greenfarm.freelancerUITests;
				PRODUCT_NAME = "$(TARGET_NAME)";
				SWIFT_VERSION = 5.0;
				TARGETED_DEVICE_FAMILY = "1,2";
				TEST_TARGET_NAME = freelancer;
			};
			name = Debug;
		};
		9701EFEE25CD95EA00FE8268 /* Release */ = {
			isa = XCBuildConfiguration;
			buildSettings = {
				ALWAYS_EMBED_SWIFT_STANDARD_LIBRARIES = YES;
				CODE_SIGN_STYLE = Automatic;
				DEVELOPMENT_TEAM = PC4UNNP43Y;
				INFOPLIST_FILE = freelancerUITests/Info.plist;
				LD_RUNPATH_SEARCH_PATHS = (
					"$(inherited)",
					"@executable_path/Frameworks",
					"@loader_path/Frameworks",
				);
				PRODUCT_BUNDLE_IDENTIFIER = games.greenfarm.freelancerUITests;
				PRODUCT_NAME = "$(TARGET_NAME)";
				SWIFT_VERSION = 5.0;
				TARGETED_DEVICE_FAMILY = "1,2";
				TEST_TARGET_NAME = freelancer;
			};
			name = Release;
		};
/* End XCBuildConfiguration section */

/* Begin XCConfigurationList section */
		9701EFB725CD95E500FE8268 /* Build configuration list for PBXProject "freelancer" */ = {
			isa = XCConfigurationList;
			buildConfigurations = (
				9701EFE425CD95EA00FE8268 /* Debug */,
				9701EFE525CD95EA00FE8268 /* Release */,
			);
			defaultConfigurationIsVisible = 0;
			defaultConfigurationName = Release;
		};
		9701EFE625CD95EA00FE8268 /* Build configuration list for PBXNativeTarget "freelancer" */ = {
			isa = XCConfigurationList;
			buildConfigurations = (
				9701EFE725CD95EA00FE8268 /* Debug */,
				9701EFE825CD95EA00FE8268 /* Release */,
			);
			defaultConfigurationIsVisible = 0;
			defaultConfigurationName = Release;
		};
		9701EFE925CD95EA00FE8268 /* Build configuration list for PBXNativeTarget "freelancerTests" */ = {
			isa = XCConfigurationList;
			buildConfigurations = (
				9701EFEA25CD95EA00FE8268 /* Debug */,
				9701EFEB25CD95EA00FE8268 /* Release */,
			);
			defaultConfigurationIsVisible = 0;
			defaultConfigurationName = Release;
		};
		9701EFEC25CD95EA00FE8268 /* Build configuration list for PBXNativeTarget "freelancerUITests" */ = {
			isa = XCConfigurationList;
			buildConfigurations = (
				9701EFED25CD95EA00FE8268 /* Debug */,
				9701EFEE25CD95EA00FE8268 /* Release */,
			);
			defaultConfigurationIsVisible = 0;
			defaultConfigurationName = Release;
		};
/* End XCConfigurationList section */
	};
	rootObject = 9701EFB425CD95E500FE8268 /* Project object */;
}
